
Microsoft Visual Studio Solution File, Format Version 12.00
# Visual Studio Version 17
VisualStudioVersion = 17.0.31903.59
MinimumVisualStudioVersion = 10.0.40219.1
Project("{2150E333-8FDC-42A3-9474-1A3956D46DE8}") = "src", "src", "{40A5F376-8DA1-4994-ABCD-9580C956AD58}"
EndProject
Project("{FAE04EC0-301F-11D3-BF4B-00C04F79EFBC}") = "WebUI", "src\WebUI\WebUI.csproj", "{2CA279A6-192F-4DB2-986F-4B413F3BA015}"
EndProject
Project("{FAE04EC0-301F-11D3-BF4B-00C04F79EFBC}") = "DAL", "src\DAL\DAL.csproj", "{74180E8F-D6D7-4D08-825D-D1918DEB7A83}"
EndProject
Project("{FAE04EC0-301F-11D3-BF4B-00C04F79EFBC}") = "BLL", "src\BLL\BLL.csproj", "{23AF0849-0BC4-4FE9-9C13-D37C340790BB}"
EndProject
Project("{2150E333-8FDC-42A3-9474-1A3956D46DE8}") = "Solution Items", "Solution Items", "{EBA2F24E-9E06-4FA2-A6CA-6B1B99A5CF81}"
	ProjectSection(SolutionItems) = preProject
		.gitignore = .gitignore
		..\..\..\Downloads\Progetto Documentale.docx = ..\..\..\Downloads\Progetto Documentale.docx
		README.MD = README.MD
	EndProjectSection
EndProject
Global
	GlobalSection(SolutionConfigurationPlatforms) = preSolution
		Debug|Any CPU = Debug|Any CPU
		Release|Any CPU = Release|Any CPU
	EndGlobalSection
	GlobalSection(ProjectConfigurationPlatforms) = postSolution
		{2CA279A6-192F-4DB2-986F-4B413F3BA015}.Debug|Any CPU.ActiveCfg = Debug|Any CPU
		{2CA279A6-192F-4DB2-986F-4B413F3BA015}.Debug|Any CPU.Build.0 = Debug|Any CPU
		{2CA279A6-192F-4DB2-986F-4B413F3BA015}.Release|Any CPU.ActiveCfg = Release|Any CPU
		{2CA279A6-192F-4DB2-986F-4B413F3BA015}.Release|Any CPU.Build.0 = Release|Any CPU
		{74180E8F-D6D7-4D08-825D-D1918DEB7A83}.Debug|Any CPU.ActiveCfg = Debug|Any CPU
		{74180E8F-D6D7-4D08-825D-D1918DEB7A83}.Debug|Any CPU.Build.0 = Debug|Any CPU
		{74180E8F-D6D7-4D08-825D-D1918DEB7A83}.Release|Any CPU.ActiveCfg = Release|Any CPU
		{74180E8F-D6D7-4D08-825D-D1918DEB7A83}.Release|Any CPU.Build.0 = Release|Any CPU
		{23AF0849-0BC4-4FE9-9C13-D37C340790BB}.Debug|Any CPU.ActiveCfg = Debug|Any CPU
		{23AF0849-0BC4-4FE9-9C13-D37C340790BB}.Debug|Any CPU.Build.0 = Debug|Any CPU
		{23AF0849-0BC4-4FE9-9C13-D37C340790BB}.Release|Any CPU.ActiveCfg = Release|Any CPU
		{23AF0849-0BC4-4FE9-9C13-D37C340790BB}.Release|Any CPU.Build.0 = Release|Any CPU
	EndGlobalSection
	GlobalSection(SolutionProperties) = preSolution
		HideSolutionNode = FALSE
	EndGlobalSection
	GlobalSection(NestedProjects) = preSolution
		{2CA279A6-192F-4DB2-986F-4B413F3BA015} = {40A5F376-8DA1-4994-ABCD-9580C956AD58}
		{74180E8F-D6D7-4D08-825D-D1918DEB7A83} = {40A5F376-8DA1-4994-ABCD-9580C956AD58}
		{23AF0849-0BC4-4FE9-9C13-D37C340790BB} = {40A5F376-8DA1-4994-ABCD-9580C956AD58}
	EndGlobalSection
	GlobalSection(ExtensibilityGlobals) = postSolution
		SolutionGuid = {D13E9ABA-B39A-42BC-9169-0642BDFF6D85}
	EndGlobalSection
EndGlobal
